
Microsoft Visual Studio Solution File, Format Version 12.00
# Visual Studio Version 17
VisualStudioVersion = 17.8.34330.188
MinimumVisualStudioVersion = 10.0.40219.1
Project("{FAE04EC0-301F-11D3-BF4B-00C04F79EFBC}") = "FitClubCurse", "FitClubCurse\FitClubCurse.csproj", "{C0FE4D25-3086-4655-8BB8-20EAE9648833}"
EndProject
Global
	GlobalSection(SolutionConfigurationPlatforms) = preSolution
		Debug|Any CPU = Debug|Any CPU
		Release|Any CPU = Release|Any CPU
	EndGlobalSection
	GlobalSection(ProjectConfigurationPlatforms) = postSolution
		{C0FE4D25-3086-4655-8BB8-20EAE9648833}.Debug|Any CPU.ActiveCfg = Debug|Any CPU
		{C0FE4D25-3086-4655-8BB8-20EAE9648833}.Debug|Any CPU.Build.0 = Debug|Any CPU
		{C0FE4D25-3086-4655-8BB8-20EAE9648833}.Release|Any CPU.ActiveCfg = Release|Any CPU
		{C0FE4D25-3086-4655-8BB8-20EAE9648833}.Release|Any CPU.Build.0 = Release|Any CPU
	EndGlobalSection
	GlobalSection(SolutionProperties) = preSolution
		HideSolutionNode = FALSE
	EndGlobalSection
	GlobalSection(ExtensibilityGlobals) = postSolution
		SolutionGuid = {515D3493-2F1D-407A-813A-7F0FB5477078}
	EndGlobalSection
EndGlobal
